// !$*UTF8*$!
{
	archiveVersion = 1;
	classes = {
	};
	objectVersion = 50;
	objects = {

/* Begin PBXBuildFile section */
		3070D94527A505E300ED1203 /* AppDelegate.swift in Sources */ = {isa = PBXBuildFile; fileRef = 3070D94427A505E300ED1203 /* AppDelegate.swift */; };
		3070D94727A505E300ED1203 /* SceneDelegate.swift in Sources */ = {isa = PBXBuildFile; fileRef = 3070D94627A505E300ED1203 /* SceneDelegate.swift */; };
		3070D94C27A505E300ED1203 /* Main.storyboard in Resources */ = {isa = PBXBuildFile; fileRef = 3070D94A27A505E300ED1203 /* Main.storyboard */; };
		3070D94E27A505E400ED1203 /* Assets.xcassets in Resources */ = {isa = PBXBuildFile; fileRef = 3070D94D27A505E400ED1203 /* Assets.xcassets */; };
		3070D95127A505E400ED1203 /* LaunchScreen.storyboard in Resources */ = {isa = PBXBuildFile; fileRef = 3070D94F27A505E400ED1203 /* LaunchScreen.storyboard */; };
		3070D95C27A505E400ED1203 /* Invester_GroupTests.swift in Sources */ = {isa = PBXBuildFile; fileRef = 3070D95B27A505E400ED1203 /* Invester_GroupTests.swift */; };
		3070D96727A505E400ED1203 /* Invester_GroupUITests.swift in Sources */ = {isa = PBXBuildFile; fileRef = 3070D96627A505E400ED1203 /* Invester_GroupUITests.swift */; };
		3070D97627A5061500ED1203 /* Data.swift in Sources */ = {isa = PBXBuildFile; fileRef = 3070D97527A5061500ED1203 /* Data.swift */; };
		3070D97827A5766400ED1203 /* Custom_TableViewCell.swift in Sources */ = {isa = PBXBuildFile; fileRef = 3070D97727A5766400ED1203 /* Custom_TableViewCell.swift */; };
		3070D97A27A5769F00ED1203 /* First_ViewController.swift in Sources */ = {isa = PBXBuildFile; fileRef = 3070D97927A5769F00ED1203 /* First_ViewController.swift */; };
		3070D97C27A576B000ED1203 /* Second_ViewController.swift in Sources */ = {isa = PBXBuildFile; fileRef = 3070D97B27A576B000ED1203 /* Second_ViewController.swift */; };
		3070D97F27A5A11B00ED1203 /* Investment_ViewController.swift in Sources */ = {isa = PBXBuildFile; fileRef = 3070D97E27A5A11B00ED1203 /* Investment_ViewController.swift */; };
		30714F3327A653AC002A23E4 /* Investors_ViewController.swift in Sources */ = {isa = PBXBuildFile; fileRef = 30714F3227A653AC002A23E4 /* Investors_ViewController.swift */; };
/* End PBXBuildFile section */

/* Begin PBXContainerItemProxy section */
		3070D95827A505E400ED1203 /* PBXContainerItemProxy */ = {
			isa = PBXContainerItemProxy;
			containerPortal = 3070D93927A505E300ED1203 /* Project object */;
			proxyType = 1;
			remoteGlobalIDString = 3070D94027A505E300ED1203;
			remoteInfo = Invester_Group;
		};
		3070D96327A505E400ED1203 /* PBXContainerItemProxy */ = {
			isa = PBXContainerItemProxy;
			containerPortal = 3070D93927A505E300ED1203 /* Project object */;
			proxyType = 1;
			remoteGlobalIDString = 3070D94027A505E300ED1203;
			remoteInfo = Invester_Group;
		};
/* End PBXContainerItemProxy section */

/* Begin PBXFileReference section */
		3070D94127A505E300ED1203 /* Invester_Group.app */ = {isa = PBXFileReference; explicitFileType = wrapper.application; includeInIndex = 0; path = Invester_Group.app; sourceTree = BUILT_PRODUCTS_DIR; };
		3070D94427A505E300ED1203 /* AppDelegate.swift */ = {isa = PBXFileReference; lastKnownFileType = sourcecode.swift; path = AppDelegate.swift; sourceTree = "<group>"; };
		3070D94627A505E300ED1203 /* SceneDelegate.swift */ = {isa = PBXFileReference; lastKnownFileType = sourcecode.swift; path = SceneDelegate.swift; sourceTree = "<group>"; };
		3070D94B27A505E300ED1203 /* Base */ = {isa = PBXFileReference; lastKnownFileType = file.storyboard; name = Base; path = Base.lproj/Main.storyboard; sourceTree = "<group>"; };
		3070D94D27A505E400ED1203 /* Assets.xcassets */ = {isa = PBXFileReference; lastKnownFileType = folder.assetcatalog; path = Assets.xcassets; sourceTree = "<group>"; };
		3070D95027A505E400ED1203 /* Base */ = {isa = PBXFileReference; lastKnownFileType = file.storyboard; name = Base; path = Base.lproj/LaunchScreen.storyboard; sourceTree = "<group>"; };
		3070D95227A505E400ED1203 /* Info.plist */ = {isa = PBXFileReference; lastKnownFileType = text.plist.xml; path = Info.plist; sourceTree = "<group>"; };
		3070D95727A505E400ED1203 /* Invester_GroupTests.xctest */ = {isa = PBXFileReference; explicitFileType = wrapper.cfbundle; includeInIndex = 0; path = Invester_GroupTests.xctest; sourceTree = BUILT_PRODUCTS_DIR; };
		3070D95B27A505E400ED1203 /* Invester_GroupTests.swift */ = {isa = PBXFileReference; lastKnownFileType = sourcecode.swift; path = Invester_GroupTests.swift; sourceTree = "<group>"; };
		3070D95D27A505E400ED1203 /* Info.plist */ = {isa = PBXFileReference; lastKnownFileType = text.plist.xml; path = Info.plist; sourceTree = "<group>"; };
		3070D96227A505E400ED1203 /* Invester_GroupUITests.xctest */ = {isa = PBXFileReference; explicitFileType = wrapper.cfbundle; includeInIndex = 0; path = Invester_GroupUITests.xctest; sourceTree = BUILT_PRODUCTS_DIR; };
		3070D96627A505E400ED1203 /* Invester_GroupUITests.swift */ = {isa = PBXFileReference; lastKnownFileType = sourcecode.swift; path = Invester_GroupUITests.swift; sourceTree = "<group>"; };
		3070D96827A505E400ED1203 /* Info.plist */ = {isa = PBXFileReference; lastKnownFileType = text.plist.xml; path = Info.plist; sourceTree = "<group>"; };
		3070D97527A5061500ED1203 /* Data.swift */ = {isa = PBXFileReference; lastKnownFileType = sourcecode.swift; path = Data.swift; sourceTree = "<group>"; };
		3070D97727A5766400ED1203 /* Custom_TableViewCell.swift */ = {isa = PBXFileReference; lastKnownFileType = sourcecode.swift; path = Custom_TableViewCell.swift; sourceTree = "<group>"; };
		3070D97927A5769F00ED1203 /* First_ViewController.swift */ = {isa = PBXFileReference; lastKnownFileType = sourcecode.swift; path = First_ViewController.swift; sourceTree = "<group>"; };
		3070D97B27A576B000ED1203 /* Second_ViewController.swift */ = {isa = PBXFileReference; lastKnownFileType = sourcecode.swift; path = Second_ViewController.swift; sourceTree = "<group>"; };
		3070D97E27A5A11B00ED1203 /* Investment_ViewController.swift */ = {isa = PBXFileReference; lastKnownFileType = sourcecode.swift; path = Investment_ViewController.swift; sourceTree = "<group>"; };
		30714F3227A653AC002A23E4 /* Investors_ViewController.swift */ = {isa = PBXFileReference; lastKnownFileType = sourcecode.swift; path = Investors_ViewController.swift; sourceTree = "<group>"; };
/* End PBXFileReference section */

/* Begin PBXFrameworksBuildPhase section */
		3070D93E27A505E300ED1203 /* Frameworks */ = {
			isa = PBXFrameworksBuildPhase;
			buildActionMask = 2147483647;
			files = (
			);
			runOnlyForDeploymentPostprocessing = 0;
		};
		3070D95427A505E400ED1203 /* Frameworks */ = {
			isa = PBXFrameworksBuildPhase;
			buildActionMask = 2147483647;
			files = (
			);
			runOnlyForDeploymentPostprocessing = 0;
		};
		3070D95F27A505E400ED1203 /* Frameworks */ = {
			isa = PBXFrameworksBuildPhase;
			buildActionMask = 2147483647;
			files = (
			);
			runOnlyForDeploymentPostprocessing = 0;
		};
/* End PBXFrameworksBuildPhase section */

/* Begin PBXGroup section */
		3070D93827A505E300ED1203 = {
			isa = PBXGroup;
			children = (
				3070D94327A505E300ED1203 /* Invester_Group */,
				3070D95A27A505E400ED1203 /* Invester_GroupTests */,
				3070D96527A505E400ED1203 /* Invester_GroupUITests */,
				3070D94227A505E300ED1203 /* Products */,
			);
			sourceTree = "<group>";
		};
		3070D94227A505E300ED1203 /* Products */ = {
			isa = PBXGroup;
			children = (
				3070D94127A505E300ED1203 /* Invester_Group.app */,
				3070D95727A505E400ED1203 /* Invester_GroupTests.xctest */,
				3070D96227A505E400ED1203 /* Invester_GroupUITests.xctest */,
			);
			name = Products;
			sourceTree = "<group>";
		};
		3070D94327A505E300ED1203 /* Invester_Group */ = {
			isa = PBXGroup;
			children = (
				3070D98027A5C03D00ED1203 /* Custom_cell */,
				3070D97427A5060500ED1203 /* Model */,
				3070D97D27A59D3500ED1203 /* View Controller */,
				3070D94427A505E300ED1203 /* AppDelegate.swift */,
				3070D94627A505E300ED1203 /* SceneDelegate.swift */,
				3070D94A27A505E300ED1203 /* Main.storyboard */,
				3070D94D27A505E400ED1203 /* Assets.xcassets */,
				3070D94F27A505E400ED1203 /* LaunchScreen.storyboard */,
				3070D95227A505E400ED1203 /* Info.plist */,
			);
			path = Invester_Group;
			sourceTree = "<group>";
		};
		3070D95A27A505E400ED1203 /* Invester_GroupTests */ = {
			isa = PBXGroup;
			children = (
				3070D95B27A505E400ED1203 /* Invester_GroupTests.swift */,
				3070D95D27A505E400ED1203 /* Info.plist */,
			);
			path = Invester_GroupTests;
			sourceTree = "<group>";
		};
		3070D96527A505E400ED1203 /* Invester_GroupUITests */ = {
			isa = PBXGroup;
			children = (
				3070D96627A505E400ED1203 /* Invester_GroupUITests.swift */,
				3070D96827A505E400ED1203 /* Info.plist */,
			);
			path = Invester_GroupUITests;
			sourceTree = "<group>";
		};
		3070D97427A5060500ED1203 /* Model */ = {
			isa = PBXGroup;
			children = (
				3070D97527A5061500ED1203 /* Data.swift */,
			);
			path = Model;
			sourceTree = "<group>";
		};
		3070D97D27A59D3500ED1203 /* View Controller */ = {
			isa = PBXGroup;
			children = (
				3070D97927A5769F00ED1203 /* First_ViewController.swift */,
				3070D97B27A576B000ED1203 /* Second_ViewController.swift */,
				3070D97E27A5A11B00ED1203 /* Investment_ViewController.swift */,
				30714F3227A653AC002A23E4 /* Investors_ViewController.swift */,
			);
			path = "View Controller";
			sourceTree = "<group>";
		};
		3070D98027A5C03D00ED1203 /* Custom_cell */ = {
			isa = PBXGroup;
			children = (
				3070D97727A5766400ED1203 /* Custom_TableViewCell.swift */,
			);
			path = Custom_cell;
			sourceTree = "<group>";
		};
/* End PBXGroup section */

/* Begin PBXNativeTarget section */
		3070D94027A505E300ED1203 /* Invester_Group */ = {
			isa = PBXNativeTarget;
			buildConfigurationList = 3070D96B27A505E400ED1203 /* Build configuration list for PBXNativeTarget "Invester_Group" */;
			buildPhases = (
				3070D93D27A505E300ED1203 /* Sources */,
				3070D93E27A505E300ED1203 /* Frameworks */,
				3070D93F27A505E300ED1203 /* Resources */,
			);
			buildRules = (
			);
			dependencies = (
			);
			name = Invester_Group;
			productName = Invester_Group;
			productReference = 3070D94127A505E300ED1203 /* Invester_Group.app */;
			productType = "com.apple.product-type.application";
		};
		3070D95627A505E400ED1203 /* Invester_GroupTests */ = {
			isa = PBXNativeTarget;
			buildConfigurationList = 3070D96E27A505E400ED1203 /* Build configuration list for PBXNativeTarget "Invester_GroupTests" */;
			buildPhases = (
				3070D95327A505E400ED1203 /* Sources */,
				3070D95427A505E400ED1203 /* Frameworks */,
				3070D95527A505E400ED1203 /* Resources */,
			);
			buildRules = (
			);
			dependencies = (
				3070D95927A505E400ED1203 /* PBXTargetDependency */,
			);
			name = Invester_GroupTests;
			productName = Invester_GroupTests;
			productReference = 3070D95727A505E400ED1203 /* Invester_GroupTests.xctest */;
			productType = "com.apple.product-type.bundle.unit-test";
		};
		3070D96127A505E400ED1203 /* Invester_GroupUITests */ = {
			isa = PBXNativeTarget;
			buildConfigurationList = 3070D97127A505E400ED1203 /* Build configuration list for PBXNativeTarget "Invester_GroupUITests" */;
			buildPhases = (
				3070D95E27A505E400ED1203 /* Sources */,
				3070D95F27A505E400ED1203 /* Frameworks */,
				3070D96027A505E400ED1203 /* Resources */,
			);
			buildRules = (
			);
			dependencies = (
				3070D96427A505E400ED1203 /* PBXTargetDependency */,
			);
			name = Invester_GroupUITests;
			productName = Invester_GroupUITests;
			productReference = 3070D96227A505E400ED1203 /* Invester_GroupUITests.xctest */;
			productType = "com.apple.product-type.bundle.ui-testing";
		};
/* End PBXNativeTarget section */

/* Begin PBXProject section */
		3070D93927A505E300ED1203 /* Project object */ = {
			isa = PBXProject;
			attributes = {
				LastSwiftUpdateCheck = 1250;
				LastUpgradeCheck = 1250;
				TargetAttributes = {
					3070D94027A505E300ED1203 = {
						CreatedOnToolsVersion = 12.5.1;
					};
					3070D95627A505E400ED1203 = {
						CreatedOnToolsVersion = 12.5.1;
						TestTargetID = 3070D94027A505E300ED1203;
					};
					3070D96127A505E400ED1203 = {
						CreatedOnToolsVersion = 12.5.1;
						TestTargetID = 3070D94027A505E300ED1203;
					};
				};
			};
			buildConfigurationList = 3070D93C27A505E300ED1203 /* Build configuration list for PBXProject "Invester_Group" */;
			compatibilityVersion = "Xcode 9.3";
			developmentRegion = en;
			hasScannedForEncodings = 0;
			knownRegions = (
				en,
				Base,
			);
			mainGroup = 3070D93827A505E300ED1203;
			productRefGroup = 3070D94227A505E300ED1203 /* Products */;
			projectDirPath = "";
			projectRoot = "";
			targets = (
				3070D94027A505E300ED1203 /* Invester_Group */,
				3070D95627A505E400ED1203 /* Invester_GroupTests */,
				3070D96127A505E400ED1203 /* Invester_GroupUITests */,
			);
		};
/* End PBXProject section */

/* Begin PBXResourcesBuildPhase section */
		3070D93F27A505E300ED1203 /* Resources */ = {
			isa = PBXResourcesBuildPhase;
			buildActionMask = 2147483647;
			files = (
				3070D95127A505E400ED1203 /* LaunchScreen.storyboard in Resources */,
				3070D94E27A505E400ED1203 /* Assets.xcassets in Resources */,
				3070D94C27A505E300ED1203 /* Main.storyboard in Resources */,
			);
			runOnlyForDeploymentPostprocessing = 0;
		};
		3070D95527A505E400ED1203 /* Resources */ = {
			isa = PBXResourcesBuildPhase;
			buildActionMask = 2147483647;
			files = (
			);
			runOnlyForDeploymentPostprocessing = 0;
		};
		3070D96027A505E400ED1203 /* Resources */ = {
			isa = PBXResourcesBuildPhase;
			buildActionMask = 2147483647;
			files = (
			);
			runOnlyForDeploymentPostprocessing = 0;
		};
/* End PBXResourcesBuildPhase section */

/* Begin PBXSourcesBuildPhase section */
		3070D93D27A505E300ED1203 /* Sources */ = {
			isa = PBXSourcesBuildPhase;
			buildActionMask = 2147483647;
			files = (
				3070D97F27A5A11B00ED1203 /* Investment_ViewController.swift in Sources */,
				3070D97C27A576B000ED1203 /* Second_ViewController.swift in Sources */,
				3070D97827A5766400ED1203 /* Custom_TableViewCell.swift in Sources */,
				3070D97A27A5769F00ED1203 /* First_ViewController.swift in Sources */,
				30714F3327A653AC002A23E4 /* Investors_ViewController.swift in Sources */,
				3070D94527A505E300ED1203 /* AppDelegate.swift in Sources */,
				3070D94727A505E300ED1203 /* SceneDelegate.swift in Sources */,
				3070D97627A5061500ED1203 /* Data.swift in Sources */,
			);
			runOnlyForDeploymentPostprocessing = 0;
		};
		3070D95327A505E400ED1203 /* Sources */ = {
			isa = PBXSourcesBuildPhase;
			buildActionMask = 2147483647;
			files = (
				3070D95C27A505E400ED1203 /* Invester_GroupTests.swift in Sources */,
			);
			runOnlyForDeploymentPostprocessing = 0;
		};
		3070D95E27A505E400ED1203 /* Sources */ = {
			isa = PBXSourcesBuildPhase;
			buildActionMask = 2147483647;
			files = (
				3070D96727A505E400ED1203 /* Invester_GroupUITests.swift in Sources */,
			);
			runOnlyForDeploymentPostprocessing = 0;
		};
/* End PBXSourcesBuildPhase section */

/* Begin PBXTargetDependency section */
		3070D95927A505E400ED1203 /* PBXTargetDependency */ = {
			isa = PBXTargetDependency;
			target = 3070D94027A505E300ED1203 /* Invester_Group */;
			targetProxy = 3070D95827A505E400ED1203 /* PBXContainerItemProxy */;
		};
		3070D96427A505E400ED1203 /* PBXTargetDependency */ = {
			isa = PBXTargetDependency;
			target = 3070D94027A505E300ED1203 /* Invester_Group */;
			targetProxy = 3070D96327A505E400ED1203 /* PBXContainerItemProxy */;
		};
/* End PBXTargetDependency section */

/* Begin PBXVariantGroup section */
		3070D94A27A505E300ED1203 /* Main.storyboard */ = {
			isa = PBXVariantGroup;
			children = (
				3070D94B27A505E300ED1203 /* Base */,
			);
			name = Main.storyboard;
			sourceTree = "<group>";
		};
		3070D94F27A505E400ED1203 /* LaunchScreen.storyboard */ = {
			isa = PBXVariantGroup;
			children = (
				3070D95027A505E400ED1203 /* Base */,
			);
			name = LaunchScreen.storyboard;
			sourceTree = "<group>";
		};
/* End PBXVariantGroup section */

/* Begin XCBuildConfiguration section */
		3070D96927A505E400ED1203 /* Debug */ = {
			isa = XCBuildConfiguration;
			buildSettings = {
				ALWAYS_SEARCH_USER_PATHS = NO;
				CLANG_ANALYZER_NONNULL = YES;
				CLANG_ANALYZER_NUMBER_OBJECT_CONVERSION = YES_AGGRESSIVE;
				CLANG_CXX_LANGUAGE_STANDARD = "gnu++14";
				CLANG_CXX_LIBRARY = "libc++";
				CLANG_ENABLE_MODULES = YES;
				CLANG_ENABLE_OBJC_ARC = YES;
				CLANG_ENABLE_OBJC_WEAK = YES;
				CLANG_WARN_BLOCK_CAPTURE_AUTORELEASING = YES;
				CLANG_WARN_BOOL_CONVERSION = YES;
				CLANG_WARN_COMMA = YES;
				CLANG_WARN_CONSTANT_CONVERSION = YES;
				CLANG_WARN_DEPRECATED_OBJC_IMPLEMENTATIONS = YES;
				CLANG_WARN_DIRECT_OBJC_ISA_USAGE = YES_ERROR;
				CLANG_WARN_DOCUMENTATION_COMMENTS = YES;
				CLANG_WARN_EMPTY_BODY = YES;
				CLANG_WARN_ENUM_CONVERSION = YES;
				CLANG_WARN_INFINITE_RECURSION = YES;
				CLANG_WARN_INT_CONVERSION = YES;
				CLANG_WARN_NON_LITERAL_NULL_CONVERSION = YES;
				CLANG_WARN_OBJC_IMPLICIT_RETAIN_SELF = YES;
				CLANG_WARN_OBJC_LITERAL_CONVERSION = YES;
				CLANG_WARN_OBJC_ROOT_CLASS = YES_ERROR;
				CLANG_WARN_QUOTED_INCLUDE_IN_FRAMEWORK_HEADER = YES;
				CLANG_WARN_RANGE_LOOP_ANALYSIS = YES;
				CLANG_WARN_STRICT_PROTOTYPES = YES;
				CLANG_WARN_SUSPICIOUS_MOVE = YES;
				CLANG_WARN_UNGUARDED_AVAILABILITY = YES_AGGRESSIVE;
				CLANG_WARN_UNREACHABLE_CODE = YES;
				CLANG_WARN__DUPLICATE_METHOD_MATCH = YES;
				COPY_PHASE_STRIP = NO;
				DEBUG_INFORMATION_FORMAT = dwarf;
				ENABLE_STRICT_OBJC_MSGSEND = YES;
				ENABLE_TESTABILITY = YES;
				GCC_C_LANGUAGE_STANDARD = gnu11;
				GCC_DYNAMIC_NO_PIC = NO;
				GCC_NO_COMMON_BLOCKS = YES;
				GCC_OPTIMIZATION_LEVEL = 0;
				GCC_PREPROCESSOR_DEFINITIONS = (
					"DEBUG=1",
					"$(inherited)",
				);
				GCC_WARN_64_TO_32_BIT_CONVERSION = YES;
				GCC_WARN_ABOUT_RETURN_TYPE = YES_ERROR;
				GCC_WARN_UNDECLARED_SELECTOR = YES;
				GCC_WARN_UNINITIALIZED_AUTOS = YES_AGGRESSIVE;
				GCC_WARN_UNUSED_FUNCTION = YES;
				GCC_WARN_UNUSED_VARIABLE = YES;
				IPHONEOS_DEPLOYMENT_TARGET = 14.5;
				MTL_ENABLE_DEBUG_INFO = INCLUDE_SOURCE;
				MTL_FAST_MATH = YES;
				ONLY_ACTIVE_ARCH = YES;
				SDKROOT = iphoneos;
				SWIFT_ACTIVE_COMPILATION_CONDITIONS = DEBUG;
				SWIFT_OPTIMIZATION_LEVEL = "-Onone";
			};
			name = Debug;
		};
		3070D96A27A505E400ED1203 /* Release */ = {
			isa = XCBuildConfiguration;
			buildSettings = {
				ALWAYS_SEARCH_USER_PATHS = NO;
				CLANG_ANALYZER_NONNULL = YES;
				CLANG_ANALYZER_NUMBER_OBJECT_CONVERSION = YES_AGGRESSIVE;
				CLANG_CXX_LANGUAGE_STANDARD = "gnu++14";
				CLANG_CXX_LIBRARY = "libc++";
				CLANG_ENABLE_MODULES = YES;
				CLANG_ENABLE_OBJC_ARC = YES;
				CLANG_ENABLE_OBJC_WEAK = YES;
				CLANG_WARN_BLOCK_CAPTURE_AUTORELEASING = YES;
				CLANG_WARN_BOOL_CONVERSION = YES;
				CLANG_WARN_COMMA = YES;
				CLANG_WARN_CONSTANT_CONVERSION = YES;
				CLANG_WARN_DEPRECATED_OBJC_IMPLEMENTATIONS = YES;
				CLANG_WARN_DIRECT_OBJC_ISA_USAGE = YES_ERROR;
				CLANG_WARN_DOCUMENTATION_COMMENTS = YES;
				CLANG_WARN_EMPTY_BODY = YES;
				CLANG_WARN_ENUM_CONVERSION = YES;
				CLANG_WARN_INFINITE_RECURSION = YES;
				CLANG_WARN_INT_CONVERSION = YES;
				CLANG_WARN_NON_LITERAL_NULL_CONVERSION = YES;
				CLANG_WARN_OBJC_IMPLICIT_RETAIN_SELF = YES;
				CLANG_WARN_OBJC_LITERAL_CONVERSION = YES;
				CLANG_WARN_OBJC_ROOT_CLASS = YES_ERROR;
				CLANG_WARN_QUOTED_INCLUDE_IN_FRAMEWORK_HEADER = YES;
				CLANG_WARN_RANGE_LOOP_ANALYSIS = YES;
				CLANG_WARN_STRICT_PROTOTYPES = YES;
				CLANG_WARN_SUSPICIOUS_MOVE = YES;
				CLANG_WARN_UNGUARDED_AVAILABILITY = YES_AGGRESSIVE;
				CLANG_WARN_UNREACHABLE_CODE = YES;
				CLANG_WARN__DUPLICATE_METHOD_MATCH = YES;
				COPY_PHASE_STRIP = NO;
				DEBUG_INFORMATION_FORMAT = "dwarf-with-dsym";
				ENABLE_NS_ASSERTIONS = NO;
				ENABLE_STRICT_OBJC_MSGSEND = YES;
				GCC_C_LANGUAGE_STANDARD = gnu11;
				GCC_NO_COMMON_BLOCKS = YES;
				GCC_WARN_64_TO_32_BIT_CONVERSION = YES;
				GCC_WARN_ABOUT_RETURN_TYPE = YES_ERROR;
				GCC_WARN_UNDECLARED_SELECTOR = YES;
				GCC_WARN_UNINITIALIZED_AUTOS = YES_AGGRESSIVE;
				GCC_WARN_UNUSED_FUNCTION = YES;
				GCC_WARN_UNUSED_VARIABLE = YES;
				IPHONEOS_DEPLOYMENT_TARGET = 14.5;
				MTL_ENABLE_DEBUG_INFO = NO;
				MTL_FAST_MATH = YES;
				SDKROOT = iphoneos;
				SWIFT_COMPILATION_MODE = wholemodule;
				SWIFT_OPTIMIZATION_LEVEL = "-O";
				VALIDATE_PRODUCT = YES;
			};
			name = Release;
		};
		3070D96C27A505E400ED1203 /* Debug */ = {
			isa = XCBuildConfiguration;
			buildSettings = {
				ASSETCATALOG_COMPILER_APPICON_NAME = AppIcon;
				ASSETCATALOG_COMPILER_GLOBAL_ACCENT_COLOR_NAME = AccentColor;
				CODE_SIGN_STYLE = Automatic;
				INFOPLIST_FILE = Invester_Group/Info.plist;
				LD_RUNPATH_SEARCH_PATHS = (
					"$(inherited)",
					"@executable_path/Frameworks",
				);
				PRODUCT_BUNDLE_IDENTIFIER = "startup.Invester-Group";
				PRODUCT_NAME = "$(TARGET_NAME)";
				SWIFT_VERSION = 5.0;
				TARGETED_DEVICE_FAMILY = "1,2";
			};
			name = Debug;
		};
		3070D96D27A505E400ED1203 /* Release */ = {
			isa = XCBuildConfiguration;
			buildSettings = {
				ASSETCATALOG_COMPILER_APPICON_NAME = AppIcon;
				ASSETCATALOG_COMPILER_GLOBAL_ACCENT_COLOR_NAME = AccentColor;
				CODE_SIGN_STYLE = Automatic;
				INFOPLIST_FILE = Invester_Group/Info.plist;
				LD_RUNPATH_SEARCH_PATHS = (
					"$(inherited)",
					"@executable_path/Frameworks",
				);
				PRODUCT_BUNDLE_IDENTIFIER = "startup.Invester-Group";
				PRODUCT_NAME = "$(TARGET_NAME)";
				SWIFT_VERSION = 5.0;
				TARGETED_DEVICE_FAMILY = "1,2";
			};
			name = Release;
		};
		3070D96F27A505E400ED1203 /* Debug */ = {
			isa = XCBuildConfiguration;
			buildSettings = {
				ALWAYS_EMBED_SWIFT_STANDARD_LIBRARIES = YES;
				BUNDLE_LOADER = "$(TEST_HOST)";
				CODE_SIGN_STYLE = Automatic;
				INFOPLIST_FILE = Invester_GroupTests/Info.plist;
				IPHONEOS_DEPLOYMENT_TARGET = 14.5;
				LD_RUNPATH_SEARCH_PATHS = (
					"$(inherited)",
					"@executable_path/Frameworks",
					"@loader_path/Frameworks",
				);
				PRODUCT_BUNDLE_IDENTIFIER = "startup.Invester-GroupTests";
				PRODUCT_NAME = "$(TARGET_NAME)";
				SWIFT_VERSION = 5.0;
				TARGETED_DEVICE_FAMILY = "1,2";
				TEST_HOST = "$(BUILT_PRODUCTS_DIR)/Invester_Group.app/Invester_Group";
			};
			name = Debug;
		};
		3070D97027A505E400ED1203 /* Release */ = {
			isa = XCBuildConfiguration;
			buildSettings = {
				ALWAYS_EMBED_SWIFT_STANDARD_LIBRARIES = YES;
				BUNDLE_LOADER = "$(TEST_HOST)";
				CODE_SIGN_STYLE = Automatic;
				INFOPLIST_FILE = Invester_GroupTests/Info.plist;
				IPHONEOS_DEPLOYMENT_TARGET = 14.5;
				LD_RUNPATH_SEARCH_PATHS = (
					"$(inherited)",
					"@executable_path/Frameworks",
					"@loader_path/Frameworks",
				);
				PRODUCT_BUNDLE_IDENTIFIER = "startup.Invester-GroupTests";
				PRODUCT_NAME = "$(TARGET_NAME)";
				SWIFT_VERSION = 5.0;
				TARGETED_DEVICE_FAMILY = "1,2";
				TEST_HOST = "$(BUILT_PRODUCTS_DIR)/Invester_Group.app/Invester_Group";
			};
			name = Release;
		};
		3070D97227A505E400ED1203 /* Debug */ = {
			isa = XCBuildConfiguration;
			buildSettings = {
				ALWAYS_EMBED_SWIFT_STANDARD_LIBRARIES = YES;
				CODE_SIGN_STYLE = Automatic;
				INFOPLIST_FILE = Invester_GroupUITests/Info.plist;
				LD_RUNPATH_SEARCH_PATHS = (
					"$(inherited)",
					"@executable_path/Frameworks",
					"@loader_path/Frameworks",
				);
				PRODUCT_BUNDLE_IDENTIFIER = "startup.Invester-GroupUITests";
				PRODUCT_NAME = "$(TARGET_NAME)";
				SWIFT_VERSION = 5.0;
				TARGETED_DEVICE_FAMILY = "1,2";
				TEST_TARGET_NAME = Invester_Group;
			};
			name = Debug;
		};
		3070D97327A505E400ED1203 /* Release */ = {
			isa = XCBuildConfiguration;
			buildSettings = {
				ALWAYS_EMBED_SWIFT_STANDARD_LIBRARIES = YES;
				CODE_SIGN_STYLE = Automatic;
				INFOPLIST_FILE = Invester_GroupUITests/Info.plist;
				LD_RUNPATH_SEARCH_PATHS = (
					"$(inherited)",
					"@executable_path/Frameworks",
					"@loader_path/Frameworks",
				);
				PRODUCT_BUNDLE_IDENTIFIER = "startup.Invester-GroupUITests";
				PRODUCT_NAME = "$(TARGET_NAME)";
				SWIFT_VERSION = 5.0;
				TARGETED_DEVICE_FAMILY = "1,2";
				TEST_TARGET_NAME = Invester_Group;
			};
			name = Release;
		};
/* End XCBuildConfiguration section */

/* Begin XCConfigurationList section */
		3070D93C27A505E300ED1203 /* Build configuration list for PBXProject "Invester_Group" */ = {
			isa = XCConfigurationList;
			buildConfigurations = (
				3070D96927A505E400ED1203 /* Debug */,
				3070D96A27A505E400ED1203 /* Release */,
			);
			defaultConfigurationIsVisible = 0;
			defaultConfigurationName = Release;
		};
		3070D96B27A505E400ED1203 /* Build configuration list for PBXNativeTarget "Invester_Group" */ = {
			isa = XCConfigurationList;
			buildConfigurations = (
				3070D96C27A505E400ED1203 /* Debug */,
				3070D96D27A505E400ED1203 /* Release */,
			);
			defaultConfigurationIsVisible = 0;
			defaultConfigurationName = Release;
		};
		3070D96E27A505E400ED1203 /* Build configuration list for PBXNativeTarget "Invester_GroupTests" */ = {
			isa = XCConfigurationList;
			buildConfigurations = (
				3070D96F27A505E400ED1203 /* Debug */,
				3070D97027A505E400ED1203 /* Release */,
			);
			defaultConfigurationIsVisible = 0;
			defaultConfigurationName = Release;
		};
		3070D97127A505E400ED1203 /* Build configuration list for PBXNativeTarget "Invester_GroupUITests" */ = {
			isa = XCConfigurationList;
			buildConfigurations = (
				3070D97227A505E400ED1203 /* Debug */,
				3070D97327A505E400ED1203 /* Release */,
			);
			defaultConfigurationIsVisible = 0;
			defaultConfigurationName = Release;
		};
/* End XCConfigurationList section */
	};
	rootObject = 3070D93927A505E300ED1203 /* Project object */;
}
